// !$*UTF8*$!
{
	archiveVersion = 1;
	classes = {
	};
	objectVersion = 77;
	objects = {

/* Begin PBXBuildFile section */
		9A1EA5712F5322C40091B2F0 /* WidgetKit.framework in Frameworks */ = {isa = PBXBuildFile; fileRef = 9A1EA5702F5322C40091B2F0 /* WidgetKit.framework */; };
		9A1EA5732F5322C40091B2F0 /* SwiftUI.framework in Frameworks */ = {isa = PBXBuildFile; fileRef = 9A1EA5722F5322C40091B2F0 /* SwiftUI.framework */; };
		9A1EA5822F5322C50091B2F0 /* SublistWidgetExtension.appex in Embed Foundation Extensions */ = {isa = PBXBuildFile; fileRef = 9A1EA56E2F5322C40091B2F0 /* SublistWidgetExtension.appex */; settings = {ATTRIBUTES = (RemoveHeadersOnCopy, ); }; };
		9A77F8632F823C98001F06F1 /* Secrets.xcconfig in Resources */ = {isa = PBXBuildFile; fileRef = 9A77F8622F823C98001F06F1 /* Secrets.xcconfig */; };
/* End PBXBuildFile section */

/* Begin PBXContainerItemProxy section */
		9A1EA5802F5322C50091B2F0 /* PBXContainerItemProxy */ = {
			isa = PBXContainerItemProxy;
			containerPortal = 9AC3B03F2F5227E600390BF7 /* Project object */;
			proxyType = 1;
			remoteGlobalIDString = 9A1EA56D2F5322C40091B2F0;
			remoteInfo = SublistWidgetExtension;
		};
		AABBCCDDEEFF0011223344B0 /* PBXContainerItemProxy */ = {
			isa = PBXContainerItemProxy;
			containerPortal = 9AC3B03F2F5227E600390BF7 /* Project object */;
			proxyType = 1;
			remoteGlobalIDString = 9AC3B0462F5227E700390BF7;
			remoteInfo = Sublist;
		};
/* End PBXContainerItemProxy section */

/* Begin PBXCopyFilesBuildPhase section */
		9A1EA5872F5322C50091B2F0 /* Embed Foundation Extensions */ = {
			isa = PBXCopyFilesBuildPhase;
			buildActionMask = 2147483647;
			dstPath = "";
			dstSubfolderSpec = 13;
			files = (
				9A1EA5822F5322C50091B2F0 /* SublistWidgetExtension.appex in Embed Foundation Extensions */,
			);
			name = "Embed Foundation Extensions";
			runOnlyForDeploymentPostprocessing = 0;
		};
/* End PBXCopyFilesBuildPhase section */

/* Begin PBXFileReference section */
		9A1EA56E2F5322C40091B2F0 /* SublistWidgetExtension.appex */ = {isa = PBXFileReference; explicitFileType = "wrapper.app-extension"; includeInIndex = 0; path = SublistWidgetExtension.appex; sourceTree = BUILT_PRODUCTS_DIR; };
		9A1EA5702F5322C40091B2F0 /* WidgetKit.framework */ = {isa = PBXFileReference; lastKnownFileType = wrapper.framework; name = WidgetKit.framework; path = System/Library/Frameworks/WidgetKit.framework; sourceTree = SDKROOT; };
		9A1EA5722F5322C40091B2F0 /* SwiftUI.framework */ = {isa = PBXFileReference; lastKnownFileType = wrapper.framework; name = SwiftUI.framework; path = System/Library/Frameworks/SwiftUI.framework; sourceTree = SDKROOT; };
		9A1EA5892F5327310091B2F0 /* SublistWidgetExtension.entitlements */ = {isa = PBXFileReference; lastKnownFileType = text.plist.entitlements; path = SublistWidgetExtension.entitlements; sourceTree = "<group>"; };
		9A77F8622F823C98001F06F1 /* Secrets.xcconfig */ = {isa = PBXFileReference; lastKnownFileType = text.xcconfig; path = Secrets.xcconfig; sourceTree = "<group>"; };
		9AC3B0472F5227E700390BF7 /* Sublist.app */ = {isa = PBXFileReference; explicitFileType = wrapper.application; includeInIndex = 0; path = Sublist.app; sourceTree = BUILT_PRODUCTS_DIR; };
		AABBCCDDEEFF001122334420 /* SublistTests.xctest */ = {isa = PBXFileReference; explicitFileType = wrapper.cfbundle; includeInIndex = 0; path = SublistTests.xctest; sourceTree = BUILT_PRODUCTS_DIR; };
/* End PBXFileReference section */

/* Begin PBXFileSystemSynchronizedBuildFileExceptionSet section */
		9A1EA5832F5322C50091B2F0 /* Exceptions for "SublistWidget" folder in "SublistWidgetExtension" target */ = {
			isa = PBXFileSystemSynchronizedBuildFileExceptionSet;
			membershipExceptions = (
				Info.plist,
			);
			target = 9A1EA56D2F5322C40091B2F0 /* SublistWidgetExtension */;
		};
		9A77F8642F8277F7001F06F1 /* Exceptions for "Sublist" folder in "Sublist" target */ = {
			isa = PBXFileSystemSynchronizedBuildFileExceptionSet;
			membershipExceptions = (
				Info.plist,
			);
			target = 9AC3B0462F5227E700390BF7 /* Sublist */;
		};
/* End PBXFileSystemSynchronizedBuildFileExceptionSet section */

/* Begin PBXFileSystemSynchronizedRootGroup section */
		9A1EA5742F5322C40091B2F0 /* SublistWidget */ = {
			isa = PBXFileSystemSynchronizedRootGroup;
			exceptions = (
				9A1EA5832F5322C50091B2F0 /* Exceptions for "SublistWidget" folder in "SublistWidgetExtension" target */,
			);
			path = SublistWidget;
			sourceTree = "<group>";
		};
		9AC3B0492F5227E700390BF7 /* Sublist */ = {
			isa = PBXFileSystemSynchronizedRootGroup;
			exceptions = (
				9A77F8642F8277F7001F06F1 /* Exceptions for "Sublist" folder in "Sublist" target */,
			);
			path = Sublist;
			sourceTree = "<group>";
		};
		AABBCCDDEEFF001122334430 /* SublistTests */ = {
			isa = PBXFileSystemSynchronizedRootGroup;
			path = SublistTests;
			sourceTree = "<group>";
		};
/* End PBXFileSystemSynchronizedRootGroup section */

/* Begin PBXFrameworksBuildPhase section */
		9A1EA56B2F5322C40091B2F0 /* Frameworks */ = {
			isa = PBXFrameworksBuildPhase;
			buildActionMask = 2147483647;
			files = (
				9A1EA5732F5322C40091B2F0 /* SwiftUI.framework in Frameworks */,
				9A1EA5712F5322C40091B2F0 /* WidgetKit.framework in Frameworks */,
			);
			runOnlyForDeploymentPostprocessing = 0;
		};
		9AC3B0442F5227E700390BF7 /* Frameworks */ = {
			isa = PBXFrameworksBuildPhase;
			buildActionMask = 2147483647;
			files = (
			);
			runOnlyForDeploymentPostprocessing = 0;
		};
		AABBCCDDEEFF001122334450 /* Frameworks */ = {
			isa = PBXFrameworksBuildPhase;
			buildActionMask = 2147483647;
			files = (
			);
			runOnlyForDeploymentPostprocessing = 0;
		};
/* End PBXFrameworksBuildPhase section */

/* Begin PBXGroup section */
		9A1EA56F2F5322C40091B2F0 /* Frameworks */ = {
			isa = PBXGroup;
			children = (
				9A1EA5702F5322C40091B2F0 /* WidgetKit.framework */,
				9A1EA5722F5322C40091B2F0 /* SwiftUI.framework */,
			);
			name = Frameworks;
			sourceTree = "<group>";
		};
		9AC3B03E2F5227E600390BF7 = {
			isa = PBXGroup;
			children = (
				9A1EA5892F5327310091B2F0 /* SublistWidgetExtension.entitlements */,
				9AC3B0492F5227E700390BF7 /* Sublist */,
				9A1EA5742F5322C40091B2F0 /* SublistWidget */,
				9A1EA56F2F5322C40091B2F0 /* Frameworks */,
				9AC3B0482F5227E700390BF7 /* Products */,
				9A77F8622F823C98001F06F1 /* Secrets.xcconfig */,
				AABBCCDDEEFF001122334430 /* SublistTests */,
			);
			sourceTree = "<group>";
		};
		9AC3B0482F5227E700390BF7 /* Products */ = {
			isa = PBXGroup;
			children = (
				9AC3B0472F5227E700390BF7 /* Sublist.app */,
				9A1EA56E2F5322C40091B2F0 /* SublistWidgetExtension.appex */,
				AABBCCDDEEFF001122334420 /* SublistTests.xctest */,
			);
			name = Products;
			sourceTree = "<group>";
		};
/* End PBXGroup section */

/* Begin PBXNativeTarget section */
		9A1EA56D2F5322C40091B2F0 /* SublistWidgetExtension */ = {
			isa = PBXNativeTarget;
			buildConfigurationList = 9A1EA5842F5322C50091B2F0 /* Build configuration list for PBXNativeTarget "SublistWidgetExtension" */;
			buildPhases = (
				9A5C1C002F5322C40091B2F0 /* Sync Widget Icons */,
				9A1EA56A2F5322C40091B2F0 /* Sources */,
				9A1EA56B2F5322C40091B2F0 /* Frameworks */,
				9A1EA56C2F5322C40091B2F0 /* Resources */,
			);
			buildRules = (
			);
			dependencies = (
			);
			fileSystemSynchronizedGroups = (
				9A1EA5742F5322C40091B2F0 /* SublistWidget */,
			);
			name = SublistWidgetExtension;
			packageProductDependencies = (
			);
			productName = SublistWidgetExtension;
			productReference = 9A1EA56E2F5322C40091B2F0 /* SublistWidgetExtension.appex */;
			productType = "com.apple.product-type.app-extension";
		};
		9AC3B0462F5227E700390BF7 /* Sublist */ = {
			isa = PBXNativeTarget;
			buildConfigurationList = 9AC3B0542F5227E800390BF7 /* Build configuration list for PBXNativeTarget "Sublist" */;
			buildPhases = (
				9AC3B0432F5227E700390BF7 /* Sources */,
				9AC3B0442F5227E700390BF7 /* Frameworks */,
				9AC3B0452F5227E700390BF7 /* Resources */,
				9A1EA5872F5322C50091B2F0 /* Embed Foundation Extensions */,
			);
			buildRules = (
			);
			dependencies = (
				9A1EA5812F5322C50091B2F0 /* PBXTargetDependency */,
			);
			fileSystemSynchronizedGroups = (
				9AC3B0492F5227E700390BF7 /* Sublist */,
			);
			name = Sublist;
			packageProductDependencies = (
			);
			productName = Sublist;
			productReference = 9AC3B0472F5227E700390BF7 /* Sublist.app */;
			productType = "com.apple.product-type.application";
		};
		AABBCCDDEEFF001122334410 /* SublistTests */ = {
			isa = PBXNativeTarget;
			buildConfigurationList = AABBCCDDEEFF001122334470 /* Build configuration list for PBXNativeTarget "SublistTests" */;
			buildPhases = (
				AABBCCDDEEFF001122334440 /* Sources */,
				AABBCCDDEEFF001122334450 /* Frameworks */,
				AABBCCDDEEFF001122334460 /* Resources */,
			);
			buildRules = (
			);
			dependencies = (
				AABBCCDDEEFF0011223344A0 /* PBXTargetDependency */,
			);
			fileSystemSynchronizedGroups = (
				AABBCCDDEEFF001122334430 /* SublistTests */,
			);
			name = SublistTests;
			packageProductDependencies = (
			);
			productName = SublistTests;
			productReference = AABBCCDDEEFF001122334420 /* SublistTests.xctest */;
			productType = "com.apple.product-type.bundle.unit-test";
		};
/* End PBXNativeTarget section */

/* Begin PBXProject section */
		9AC3B03F2F5227E600390BF7 /* Project object */ = {
			isa = PBXProject;
			attributes = {
				BuildIndependentTargetsInParallel = 1;
				LastSwiftUpdateCheck = 2630;
				LastUpgradeCheck = 2640;
				TargetAttributes = {
					9A1EA56D2F5322C40091B2F0 = {
						CreatedOnToolsVersion = 26.3;
					};
					9AC3B0462F5227E700390BF7 = {
						CreatedOnToolsVersion = 26.3;
					};
					AABBCCDDEEFF001122334410 = {
						CreatedOnToolsVersion = 26.3;
						TestTargetID = 9AC3B0462F5227E700390BF7;
					};
				};
			};
			buildConfigurationList = 9AC3B0422F5227E600390BF7 /* Build configuration list for PBXProject "Sublist" */;
			developmentRegion = en;
			hasScannedForEncodings = 0;
			knownRegions = (
				en,
				Base,
				es,
				"zh-Hans",
				ja,
				it,
				fr,
				de,
				"pt-BR",
			);
			mainGroup = 9AC3B03E2F5227E600390BF7;
			minimizedProjectReferenceProxies = 1;
			preferredProjectObjectVersion = 77;
			productRefGroup = 9AC3B0482F5227E700390BF7 /* Products */;
			projectDirPath = "";
			projectRoot = "";
			targets = (
				9AC3B0462F5227E700390BF7 /* Sublist */,
				9A1EA56D2F5322C40091B2F0 /* SublistWidgetExtension */,
				AABBCCDDEEFF001122334410 /* SublistTests */,
			);
		};
/* End PBXProject section */

/* Begin PBXResourcesBuildPhase section */
		9A1EA56C2F5322C40091B2F0 /* Resources */ = {
			isa = PBXResourcesBuildPhase;
			buildActionMask = 2147483647;
			files = (
			);
			runOnlyForDeploymentPostprocessing = 0;
		};
		9AC3B0452F5227E700390BF7 /* Resources */ = {
			isa = PBXResourcesBuildPhase;
			buildActionMask = 2147483647;
			files = (
				9A77F8632F823C98001F06F1 /* Secrets.xcconfig in Resources */,
			);
			runOnlyForDeploymentPostprocessing = 0;
		};
		AABBCCDDEEFF001122334460 /* Resources */ = {
			isa = PBXResourcesBuildPhase;
			buildActionMask = 2147483647;
			files = (
			);
			runOnlyForDeploymentPostprocessing = 0;
		};
/* End PBXResourcesBuildPhase section */

/* Begin PBXShellScriptBuildPhase section */
		9A5C1C002F5322C40091B2F0 /* Sync Widget Icons */ = {
			isa = PBXShellScriptBuildPhase;
			alwaysOutOfDate = 1;
			buildActionMask = 2147483647;
			files = (
			);
			inputFileListPaths = (
			);
			inputPaths = (
			);
			name = "Sync Widget Icons";
			outputFileListPaths = (
			);
			outputPaths = (
			);
			runOnlyForDeploymentPostprocessing = 0;
			shellPath = /bin/bash;
			shellScript = "set -e\nMAIN=\"${SRCROOT}/Sublist/Assets.xcassets\"\nWIDGET=\"${SRCROOT}/SublistWidget/Assets.xcassets\"\nfor src in \"$MAIN\"/icon_*.imageset; do\n  name=$(basename \"$src\")\n  if [ ! -d \"$WIDGET/$name\" ]; then\n    echo \"note: Syncing widget icon: $name\"\n    cp -r \"$src\" \"$WIDGET/$name\"\n  fi\ndone\n";
		};
/* End PBXShellScriptBuildPhase section */

/* Begin PBXSourcesBuildPhase section */
		9A1EA56A2F5322C40091B2F0 /* Sources */ = {
			isa = PBXSourcesBuildPhase;
			buildActionMask = 2147483647;
			files = (
			);
			runOnlyForDeploymentPostprocessing = 0;
		};
		9AC3B0432F5227E700390BF7 /* Sources */ = {
			isa = PBXSourcesBuildPhase;
			buildActionMask = 2147483647;
			files = (
			);
			runOnlyForDeploymentPostprocessing = 0;
		};
		AABBCCDDEEFF001122334440 /* Sources */ = {
			isa = PBXSourcesBuildPhase;
			buildActionMask = 2147483647;
			files = (
			);
			runOnlyForDeploymentPostprocessing = 0;
		};
/* End PBXSourcesBuildPhase section */

/* Begin PBXTargetDependency section */
		9A1EA5812F5322C50091B2F0 /* PBXTargetDependency */ = {
			isa = PBXTargetDependency;
			target = 9A1EA56D2F5322C40091B2F0 /* SublistWidgetExtension */;
			targetProxy = 9A1EA5802F5322C50091B2F0 /* PBXContainerItemProxy */;
		};
		AABBCCDDEEFF0011223344A0 /* PBXTargetDependency */ = {
			isa = PBXTargetDependency;
			target = 9AC3B0462F5227E700390BF7 /* Sublist */;
			targetProxy = AABBCCDDEEFF0011223344B0 /* PBXContainerItemProxy */;
		};
/* End PBXTargetDependency section */

/* Begin XCBuildConfiguration section */
		9A1EA5852F5322C50091B2F0 /* Debug */ = {
			isa = XCBuildConfiguration;
			buildSettings = {
				ASSETCATALOG_COMPILER_GLOBAL_ACCENT_COLOR_NAME = AccentColor;
				ASSETCATALOG_COMPILER_WIDGET_BACKGROUND_COLOR_NAME = WidgetBackground;
				CODE_SIGN_ENTITLEMENTS = SublistWidgetExtension.entitlements;
				CODE_SIGN_IDENTITY = "Apple Development";
				CODE_SIGN_STYLE = Automatic;
				CURRENT_PROJECT_VERSION = 1;
				DEVELOPMENT_TEAM = RN7WLWN599;
				ENABLE_USER_SCRIPT_SANDBOXING = NO;
				GENERATE_INFOPLIST_FILE = YES;
				INFOPLIST_FILE = SublistWidget/Info.plist;
				INFOPLIST_KEY_CFBundleDisplayName = SublistWidget;
				INFOPLIST_KEY_NSHumanReadableCopyright = "";
				LD_RUNPATH_SEARCH_PATHS = (
					"$(inherited)",
					"@executable_path/Frameworks",
					"@executable_path/../../Frameworks",
				);
				MARKETING_VERSION = 2.1;
				PRODUCT_BUNDLE_IDENTIFIER = com.hugohodinka.Sublist.SublistWidget;
				PRODUCT_NAME = "$(TARGET_NAME)";
				PROVISIONING_PROFILE_SPECIFIER = "";
				SKIP_INSTALL = YES;
				STRING_CATALOG_GENERATE_SYMBOLS = YES;
				SWIFT_APPROACHABLE_CONCURRENCY = YES;
				SWIFT_EMIT_LOC_STRINGS = YES;
				SWIFT_UPCOMING_FEATURE_MEMBER_IMPORT_VISIBILITY = YES;
				SWIFT_VERSION = 5.0;
				TARGETED_DEVICE_FAMILY = "1,2";
			};
			name = Debug;
		};
		9A1EA5862F5322C50091B2F0 /* Release */ = {
			isa = XCBuildConfiguration;
			buildSettings = {
				ASSETCATALOG_COMPILER_GLOBAL_ACCENT_COLOR_NAME = AccentColor;
				ASSETCATALOG_COMPILER_WIDGET_BACKGROUND_COLOR_NAME = WidgetBackground;
				CODE_SIGN_ENTITLEMENTS = SublistWidgetExtension.entitlements;
				CODE_SIGN_IDENTITY = "Apple Development";
				CODE_SIGN_STYLE = Automatic;
				CURRENT_PROJECT_VERSION = 1;
				DEVELOPMENT_TEAM = RN7WLWN599;
				ENABLE_USER_SCRIPT_SANDBOXING = NO;
				GENERATE_INFOPLIST_FILE = YES;
				INFOPLIST_FILE = SublistWidget/Info.plist;
				INFOPLIST_KEY_CFBundleDisplayName = SublistWidget;
				INFOPLIST_KEY_NSHumanReadableCopyright = "";
				LD_RUNPATH_SEARCH_PATHS = (
					"$(inherited)",
					"@executable_path/Frameworks",
					"@executable_path/../../Frameworks",
				);
				MARKETING_VERSION = 2.1;
				PRODUCT_BUNDLE_IDENTIFIER = com.hugohodinka.Sublist.SublistWidget;
				PRODUCT_NAME = "$(TARGET_NAME)";
				PROVISIONING_PROFILE_SPECIFIER = "";
				SKIP_INSTALL = YES;
				STRING_CATALOG_GENERATE_SYMBOLS = YES;
				SWIFT_APPROACHABLE_CONCURRENCY = YES;
				SWIFT_EMIT_LOC_STRINGS = YES;
				SWIFT_UPCOMING_FEATURE_MEMBER_IMPORT_VISIBILITY = YES;
				SWIFT_VERSION = 5.0;
				TARGETED_DEVICE_FAMILY = "1,2";
			};
			name = Release;
		};
		9AC3B0522F5227E800390BF7 /* Debug */ = {
			isa = XCBuildConfiguration;
			buildSettings = {
				ALWAYS_SEARCH_USER_PATHS = NO;
				ASSETCATALOG_COMPILER_GENERATE_SWIFT_ASSET_SYMBOL_EXTENSIONS = YES;
				CLANG_ANALYZER_NONNULL = YES;
				CLANG_ANALYZER_NUMBER_OBJECT_CONVERSION = YES_AGGRESSIVE;
				CLANG_CXX_LANGUAGE_STANDARD = "gnu++20";
				CLANG_ENABLE_MODULES = YES;
				CLANG_ENABLE_OBJC_ARC = YES;
				CLANG_ENABLE_OBJC_WEAK = YES;
				CLANG_WARN_BLOCK_CAPTURE_AUTORELEASING = YES;
				CLANG_WARN_BOOL_CONVERSION = YES;
				CLANG_WARN_COMMA = YES;
				CLANG_WARN_CONSTANT_CONVERSION = YES;
				CLANG_WARN_DEPRECATED_OBJC_IMPLEMENTATIONS = YES;
				CLANG_WARN_DIRECT_OBJC_ISA_USAGE = YES_ERROR;
				CLANG_WARN_DOCUMENTATION_COMMENTS = YES;
				CLANG_WARN_EMPTY_BODY = YES;
				CLANG_WARN_ENUM_CONVERSION = YES;
				CLANG_WARN_INFINITE_RECURSION = YES;
				CLANG_WARN_INT_CONVERSION = YES;
				CLANG_WARN_NON_LITERAL_NULL_CONVERSION = YES;
				CLANG_WARN_OBJC_IMPLICIT_RETAIN_SELF = YES;
				CLANG_WARN_OBJC_LITERAL_CONVERSION = YES;
				CLANG_WARN_OBJC_ROOT_CLASS = YES_ERROR;
				CLANG_WARN_QUOTED_INCLUDE_IN_FRAMEWORK_HEADER = YES;
				CLANG_WARN_RANGE_LOOP_ANALYSIS = YES;
				CLANG_WARN_STRICT_PROTOTYPES = YES;
				CLANG_WARN_SUSPICIOUS_MOVE = YES;
				CLANG_WARN_UNGUARDED_AVAILABILITY = YES_AGGRESSIVE;
				CLANG_WARN_UNREACHABLE_CODE = YES;
				CLANG_WARN__DUPLICATE_METHOD_MATCH = YES;
				COPY_PHASE_STRIP = NO;
				DEBUG_INFORMATION_FORMAT = dwarf;
				DEVELOPMENT_TEAM = RN7WLWN599;
				ENABLE_STRICT_OBJC_MSGSEND = YES;
				ENABLE_TESTABILITY = YES;
				ENABLE_USER_SCRIPT_SANDBOXING = YES;
				GCC_C_LANGUAGE_STANDARD = gnu17;
				GCC_DYNAMIC_NO_PIC = NO;
				GCC_NO_COMMON_BLOCKS = YES;
				GCC_OPTIMIZATION_LEVEL = 0;
				GCC_PREPROCESSOR_DEFINITIONS = (
					"DEBUG=1",
					"$(inherited)",
				);
				GCC_WARN_64_TO_32_BIT_CONVERSION = YES;
				GCC_WARN_ABOUT_RETURN_TYPE = YES_ERROR;
				GCC_WARN_UNDECLARED_SELECTOR = YES;
				GCC_WARN_UNINITIALIZED_AUTOS = YES_AGGRESSIVE;
				GCC_WARN_UNUSED_FUNCTION = YES;
				GCC_WARN_UNUSED_VARIABLE = YES;
				IPHONEOS_DEPLOYMENT_TARGET = 26.2;
				LOCALIZATION_PREFERS_STRING_CATALOGS = YES;
				MTL_ENABLE_DEBUG_INFO = INCLUDE_SOURCE;
				MTL_FAST_MATH = YES;
				ONLY_ACTIVE_ARCH = YES;
				SDKROOT = iphoneos;
				STRING_CATALOG_GENERATE_SYMBOLS = YES;
				SWIFT_ACTIVE_COMPILATION_CONDITIONS = "DEBUG $(inherited)";
				SWIFT_OPTIMIZATION_LEVEL = "-Onone";
			};
			name = Debug;
		};
		9AC3B0532F5227E800390BF7 /* Release */ = {
			isa = XCBuildConfiguration;
			buildSettings = {
				ALWAYS_SEARCH_USER_PATHS = NO;
				ASSETCATALOG_COMPILER_GENERATE_SWIFT_ASSET_SYMBOL_EXTENSIONS = YES;
				CLANG_ANALYZER_NONNULL = YES;
				CLANG_ANALYZER_NUMBER_OBJECT_CONVERSION = YES_AGGRESSIVE;
				CLANG_CXX_LANGUAGE_STANDARD = "gnu++20";
				CLANG_ENABLE_MODULES = YES;
				CLANG_ENABLE_OBJC_ARC = YES;
				CLANG_ENABLE_OBJC_WEAK = YES;
				CLANG_WARN_BLOCK_CAPTURE_AUTORELEASING = YES;
				CLANG_WARN_BOOL_CONVERSION = YES;
				CLANG_WARN_COMMA = YES;
				CLANG_WARN_CONSTANT_CONVERSION = YES;
				CLANG_WARN_DEPRECATED_OBJC_IMPLEMENTATIONS = YES;
				CLANG_WARN_DIRECT_OBJC_ISA_USAGE = YES_ERROR;
				CLANG_WARN_DOCUMENTATION_COMMENTS = YES;
				CLANG_WARN_EMPTY_BODY = YES;
				CLANG_WARN_ENUM_CONVERSION = YES;
				CLANG_WARN_INFINITE_RECURSION = YES;
				CLANG_WARN_INT_CONVERSION = YES;
				CLANG_WARN_NON_LITERAL_NULL_CONVERSION = YES;
				CLANG_WARN_OBJC_IMPLICIT_RETAIN_SELF = YES;
				CLANG_WARN_OBJC_LITERAL_CONVERSION = YES;
				CLANG_WARN_OBJC_ROOT_CLASS = YES_ERROR;
				CLANG_WARN_QUOTED_INCLUDE_IN_FRAMEWORK_HEADER = YES;
				CLANG_WARN_RANGE_LOOP_ANALYSIS = YES;
				CLANG_WARN_STRICT_PROTOTYPES = YES;
				CLANG_WARN_SUSPICIOUS_MOVE = YES;
				CLANG_WARN_UNGUARDED_AVAILABILITY = YES_AGGRESSIVE;
				CLANG_WARN_UNREACHABLE_CODE = YES;
				CLANG_WARN__DUPLICATE_METHOD_MATCH = YES;
				COPY_PHASE_STRIP = NO;
				DEBUG_INFORMATION_FORMAT = "dwarf-with-dsym";
				DEVELOPMENT_TEAM = RN7WLWN599;
				ENABLE_NS_ASSERTIONS = NO;
				ENABLE_STRICT_OBJC_MSGSEND = YES;
				ENABLE_USER_SCRIPT_SANDBOXING = YES;
				GCC_C_LANGUAGE_STANDARD = gnu17;
				GCC_NO_COMMON_BLOCKS = YES;
				GCC_WARN_64_TO_32_BIT_CONVERSION = YES;
				GCC_WARN_ABOUT_RETURN_TYPE = YES_ERROR;
				GCC_WARN_UNDECLARED_SELECTOR = YES;
				GCC_WARN_UNINITIALIZED_AUTOS = YES_AGGRESSIVE;
				GCC_WARN_UNUSED_FUNCTION = YES;
				GCC_WARN_UNUSED_VARIABLE = YES;
				IPHONEOS_DEPLOYMENT_TARGET = 26.2;
				LOCALIZATION_PREFERS_STRING_CATALOGS = YES;
				MTL_ENABLE_DEBUG_INFO = NO;
				MTL_FAST_MATH = YES;
				SDKROOT = iphoneos;
				STRING_CATALOG_GENERATE_SYMBOLS = YES;
				SWIFT_COMPILATION_MODE = wholemodule;
				VALIDATE_PRODUCT = YES;
			};
			name = Release;
		};
		9AC3B0552F5227E800390BF7 /* Debug */ = {
			isa = XCBuildConfiguration;
			baseConfigurationReference = 9A77F8622F823C98001F06F1 /* Secrets.xcconfig */;
			buildSettings = {
				ASSETCATALOG_COMPILER_APPICON_NAME = AppIcon;
				ASSETCATALOG_COMPILER_GLOBAL_ACCENT_COLOR_NAME = AccentColor;
				CODE_SIGN_ENTITLEMENTS = Sublist/Sublist.entitlements;
				CODE_SIGN_IDENTITY = "Apple Development";
				CODE_SIGN_STYLE = Automatic;
				CURRENT_PROJECT_VERSION = 1;
				DEVELOPMENT_TEAM = RN7WLWN599;
				ENABLE_PREVIEWS = YES;
				GENERATE_INFOPLIST_FILE = NO;
				INFOPLIST_FILE = Sublist/Info.plist;
				INFOPLIST_KEY_UIApplicationSceneManifest_Generation = YES;
				INFOPLIST_KEY_UIApplicationSupportsIndirectInputEvents = YES;
				INFOPLIST_KEY_UILaunchScreen_Generation = YES;
				INFOPLIST_KEY_UISupportedInterfaceOrientations_iPad = "UIInterfaceOrientationPortrait UIInterfaceOrientationPortraitUpsideDown UIInterfaceOrientationLandscapeLeft UIInterfaceOrientationLandscapeRight";
				INFOPLIST_KEY_UISupportedInterfaceOrientations_iPhone = "UIInterfaceOrientationPortrait UIInterfaceOrientationLandscapeLeft UIInterfaceOrientationLandscapeRight";
				LD_RUNPATH_SEARCH_PATHS = (
					"$(inherited)",
					"@executable_path/Frameworks",
				);
				MARKETING_VERSION = 2.1;
				PRODUCT_BUNDLE_IDENTIFIER = com.hugohodinka.Sublist;
				PRODUCT_NAME = "$(TARGET_NAME)";
				PROVISIONING_PROFILE_SPECIFIER = "";
				STRING_CATALOG_GENERATE_SYMBOLS = YES;
				SWIFT_APPROACHABLE_CONCURRENCY = YES;
				SWIFT_DEFAULT_ACTOR_ISOLATION = MainActor;
				SWIFT_EMIT_LOC_STRINGS = YES;
				SWIFT_UPCOMING_FEATURE_MEMBER_IMPORT_VISIBILITY = YES;
				SWIFT_VERSION = 5.0;
				TARGETED_DEVICE_FAMILY = "1,2";
			};
			name = Debug;
		};
		9AC3B0562F5227E800390BF7 /* Release */ = {
			isa = XCBuildConfiguration;
			baseConfigurationReference = 9A77F8622F823C98001F06F1 /* Secrets.xcconfig */;
			buildSettings = {
				ASSETCATALOG_COMPILER_APPICON_NAME = AppIcon;
				ASSETCATALOG_COMPILER_GLOBAL_ACCENT_COLOR_NAME = AccentColor;
				CODE_SIGN_ENTITLEMENTS = Sublist/Sublist.entitlements;
				CODE_SIGN_IDENTITY = "Apple Development";
				CODE_SIGN_STYLE = Automatic;
				CURRENT_PROJECT_VERSION = 1;
				DEVELOPMENT_TEAM = RN7WLWN599;
				ENABLE_PREVIEWS = YES;
				GENERATE_INFOPLIST_FILE = NO;
				INFOPLIST_FILE = Sublist/Info.plist;
				INFOPLIST_KEY_UIApplicationSceneManifest_Generation = YES;
				INFOPLIST_KEY_UIApplicationSupportsIndirectInputEvents = YES;
				INFOPLIST_KEY_UILaunchScreen_Generation = YES;
				INFOPLIST_KEY_UISupportedInterfaceOrientations_iPad = "UIInterfaceOrientationPortrait UIInterfaceOrientationPortraitUpsideDown UIInterfaceOrientationLandscapeLeft UIInterfaceOrientationLandscapeRight";
				INFOPLIST_KEY_UISupportedInterfaceOrientations_iPhone = "UIInterfaceOrientationPortrait UIInterfaceOrientationLandscapeLeft UIInterfaceOrientationLandscapeRight";
				LD_RUNPATH_SEARCH_PATHS = (
					"$(inherited)",
					"@executable_path/Frameworks",
				);
				MARKETING_VERSION = 2.1;
				PRODUCT_BUNDLE_IDENTIFIER = com.hugohodinka.Sublist;
				PRODUCT_NAME = "$(TARGET_NAME)";
				PROVISIONING_PROFILE_SPECIFIER = "";
				STRING_CATALOG_GENERATE_SYMBOLS = YES;
				SWIFT_APPROACHABLE_CONCURRENCY = YES;
				SWIFT_DEFAULT_ACTOR_ISOLATION = MainActor;
				SWIFT_EMIT_LOC_STRINGS = YES;
				SWIFT_UPCOMING_FEATURE_MEMBER_IMPORT_VISIBILITY = YES;
				SWIFT_VERSION = 5.0;
				TARGETED_DEVICE_FAMILY = "1,2";
			};
			name = Release;
		};
		AABBCCDDEEFF001122334480 /* Debug */ = {
			isa = XCBuildConfiguration;
			buildSettings = {
				BUNDLE_LOADER = "$(TEST_HOST)";
				CODE_SIGN_STYLE = Automatic;
				CURRENT_PROJECT_VERSION = 1;
				DEVELOPMENT_TEAM = RN7WLWN599;
				GENERATE_INFOPLIST_FILE = YES;
				IPHONEOS_DEPLOYMENT_TARGET = 26.2;
				MARKETING_VERSION = 2.1;
				PRODUCT_BUNDLE_IDENTIFIER = com.hugohodinka.SublistTests;
				PRODUCT_NAME = "$(TARGET_NAME)";
				SWIFT_APPROACHABLE_CONCURRENCY = YES;
				SWIFT_DEFAULT_ACTOR_ISOLATION = MainActor;
				SWIFT_EMIT_LOC_STRINGS = NO;
				SWIFT_VERSION = 5.0;
				TARGETED_DEVICE_FAMILY = "1,2";
				TEST_HOST = "$(BUILT_PRODUCTS_DIR)/Sublist.app/$(BUNDLE_EXECUTABLE_FOLDER_PATH)/Sublist";
			};
			name = Debug;
		};
		AABBCCDDEEFF001122334490 /* Release */ = {
			isa = XCBuildConfiguration;
			buildSettings = {
				BUNDLE_LOADER = "$(TEST_HOST)";
				CODE_SIGN_STYLE = Automatic;
				CURRENT_PROJECT_VERSION = 1;
				DEVELOPMENT_TEAM = RN7WLWN599;
				GENERATE_INFOPLIST_FILE = YES;
				IPHONEOS_DEPLOYMENT_TARGET = 26.2;
				MARKETING_VERSION = 2.1;
				PRODUCT_BUNDLE_IDENTIFIER = com.hugohodinka.SublistTests;
				PRODUCT_NAME = "$(TARGET_NAME)";
				SWIFT_APPROACHABLE_CONCURRENCY = YES;
				SWIFT_DEFAULT_ACTOR_ISOLATION = MainActor;
				SWIFT_EMIT_LOC_STRINGS = NO;
				SWIFT_VERSION = 5.0;
				TARGETED_DEVICE_FAMILY = "1,2";
				TEST_HOST = "$(BUILT_PRODUCTS_DIR)/Sublist.app/$(BUNDLE_EXECUTABLE_FOLDER_PATH)/Sublist";
			};
			name = Release;
		};
/* End XCBuildConfiguration section */

/* Begin XCConfigurationList section */
		9A1EA5842F5322C50091B2F0 /* Build configuration list for PBXNativeTarget "SublistWidgetExtension" */ = {
			isa = XCConfigurationList;
			buildConfigurations = (
				9A1EA5852F5322C50091B2F0 /* Debug */,
				9A1EA5862F5322C50091B2F0 /* Release */,
			);
			defaultConfigurationIsVisible = 0;
			defaultConfigurationName = Release;
		};
		9AC3B0422F5227E600390BF7 /* Build configuration list for PBXProject "Sublist" */ = {
			isa = XCConfigurationList;
			buildConfigurations = (
				9AC3B0522F5227E800390BF7 /* Debug */,
				9AC3B0532F5227E800390BF7 /* Release */,
			);
			defaultConfigurationIsVisible = 0;
			defaultConfigurationName = Release;
		};
		9AC3B0542F5227E800390BF7 /* Build configuration list for PBXNativeTarget "Sublist" */ = {
			isa = XCConfigurationList;
			buildConfigurations = (
				9AC3B0552F5227E800390BF7 /* Debug */,
				9AC3B0562F5227E800390BF7 /* Release */,
			);
			defaultConfigurationIsVisible = 0;
			defaultConfigurationName = Release;
		};
		AABBCCDDEEFF001122334470 /* Build configuration list for PBXNativeTarget "SublistTests" */ = {
			isa = XCConfigurationList;
			buildConfigurations = (
				AABBCCDDEEFF001122334480 /* Debug */,
				AABBCCDDEEFF001122334490 /* Release */,
			);
			defaultConfigurationIsVisible = 0;
			defaultConfigurationName = Release;
		};
/* End XCConfigurationList section */
	};
	rootObject = 9AC3B03F2F5227E600390BF7 /* Project object */;
}
